# This file was autogenerated by uv via the following command:
#    uv pip compile backend/requirements.txt -o backend/uv.lock --index-strategy unsafe-best-match
aiofiles==24.1.0
    # via -r backend/requirements.txt
altair==5.5.0
    # via
    #   -r backend/requirements.txt
    #   streamlit
annotated-types==0.7.0
    # via
    #   -r backend/requirements.txt
    #   pydantic
anyio==4.8.0
    # via
    #   -r backend/requirements.txt
    #   httpx
    #   mcp
    #   openai
    #   sse-starlette
    #   starlette
    #   watchfiles
asgiref==3.8.1
    # via
    #   -r backend/requirements.txt
    #   opentelemetry-instrumentation-asgi
attrs==25.3.0
    # via
    #   -r backend/requirements.txt
    #   jsonschema
    #   referencing
backoff==2.2.1
    # via
    #   -r backend/requirements.txt
    #   posthog
bcrypt==4.0.1
    # via
    #   -r backend/requirements.txt
    #   chromadb
    #   passlib
beautifulsoup4==4.13.3
    # via
    #   -r backend/requirements.txt
    #   markdownify
    #   readabilipy
bidict==0.23.1
    # via
    #   -r backend/requirements.txt
    #   python-socketio
blinker==1.9.0
    # via
    #   -r backend/requirements.txt
    #   flask
    #   streamlit
build==1.2.2.post1
    # via
    #   -r backend/requirements.txt
    #   chromadb
cachetools==5.5.2
    # via
    #   -r backend/requirements.txt
    #   google-auth
    #   streamlit
certifi==2025.1.31
    # via
    #   -r backend/requirements.txt
    #   httpcore
    #   httpx
    #   kubernetes
    #   requests
cffi==1.17.1
    # via
    #   -r backend/requirements.txt
    #   cryptography
charset-normalizer==3.4.1
    # via
    #   -r backend/requirements.txt
    #   requests
chromadb==1.0.12
    # via -r backend/requirements.txt
click==8.1.8
    # via
    #   -r backend/requirements.txt
    #   flask
    #   streamlit
    #   typer
    #   uvicorn
colorama==0.4.6
    # via
    #   -r backend/requirements.txt
    #   build
    #   click
    #   griffe
    #   tqdm
    #   uvicorn
coloredlogs==15.0.1
    # via
    #   -r backend/requirements.txt
    #   onnxruntime
copilotkit==0.1.47
    # via -r backend/requirements.txt
cryptography==44.0.3
    # via
    #   -r backend/requirements.txt
    #   python-jose
deprecated==1.2.18
    # via
    #   -r backend/requirements.txt
    #   opentelemetry-api
    #   opentelemetry-exporter-otlp-proto-grpc
    #   opentelemetry-semantic-conventions
distro==1.9.0
    # via
    #   -r backend/requirements.txt
    #   openai
    #   posthog
dnspython==2.7.0
    # via
    #   -r backend/requirements.txt
    #   email-validator
    #   eventlet
    #   pymongo
durationpy==0.10
    # via
    #   -r backend/requirements.txt
    #   kubernetes
ecdsa==0.19.1
    # via
    #   -r backend/requirements.txt
    #   python-jose
email-validator==2.2.0
    # via -r backend/requirements.txt
eventlet==0.40.0
    # via -r backend/requirements.txt
fastapi==0.115.9
    # via
    #   -r backend/requirements.txt
    #   chromadb
    #   copilotkit
filelock==3.18.0
    # via
    #   -r backend/requirements.txt
    #   huggingface-hub
    #   torch
    #   transformers
flask==2.3.3
    # via
    #   -r backend/requirements.txt
    #   flask-cors
    #   flask-socketio
flask-cors==6.0.0
    # via -r backend/requirements.txt
flask-socketio==5.3.4
    # via -r backend/requirements.txt
flatbuffers==25.2.10
    # via
    #   -r backend/requirements.txt
    #   onnxruntime
fsspec==2025.5.0
    # via
    #   -r backend/requirements.txt
    #   huggingface-hub
    #   torch
gitdb==4.0.12
    # via
    #   -r backend/requirements.txt
    #   gitpython
gitpython==3.1.44
    # via
    #   -r backend/requirements.txt
    #   streamlit
google-ai-generativelanguage==0.6.15
    # via
    #   -r backend/requirements.txt
    #   google-generativeai
google-api-core==2.24.2
    # via
    #   -r backend/requirements.txt
    #   google-ai-generativelanguage
    #   google-api-python-client
    #   google-generativeai
google-api-python-client==2.170.0
    # via google-generativeai
google-auth==2.40.1
    # via
    #   -r backend/requirements.txt
    #   google-ai-generativelanguage
    #   google-api-core
    #   google-api-python-client
    #   google-auth-httplib2
    #   google-generativeai
    #   kubernetes
google-auth-httplib2==0.2.0
    # via
    #   -r backend/requirements.txt
    #   google-api-python-client
google-generativeai==0.8.5
    # via -r backend/requirements.txt
googleapis-common-protos==1.70.0
    # via
    #   -r backend/requirements.txt
    #   google-api-core
    #   grpcio-status
    #   opentelemetry-exporter-otlp-proto-grpc
greenlet==3.2.1
    # via
    #   -r backend/requirements.txt
    #   eventlet
    #   sqlalchemy
griffe==1.7.3
    # via openai-agents
grpcio==1.71.0
    # via
    #   -r backend/requirements.txt
    #   chromadb
    #   google-api-core
    #   grpcio-status
    #   opentelemetry-exporter-otlp-proto-grpc
grpcio-status==1.71.0
    # via
    #   -r backend/requirements.txt
    #   google-api-core
h11==0.16.0
    # via
    #   -r backend/requirements.txt
    #   httpcore
    #   uvicorn
    #   wsproto
html5lib==1.1
    # via readabilipy
httpcore==1.0.9
    # via
    #   -r backend/requirements.txt
    #   httpx
httplib2==0.22.0
    # via
    #   -r backend/requirements.txt
    #   google-api-python-client
    #   google-auth-httplib2
httptools==0.6.4
    # via uvicorn
httpx==0.27.2
    # via
    #   -r backend/requirements.txt
    #   chromadb
    #   langgraph-sdk
    #   langsmith
    #   mcp
    #   openai
httpx-sse==0.4.0
    # via
    #   -r backend/requirements.txt
    #   mcp
huggingface-hub==0.32.0
    # via
    #   -r backend/requirements.txt
    #   sentence-transformers
    #   tokenizers
    #   transformers
humanfriendly==10.0
    # via
    #   -r backend/requirements.txt
    #   coloredlogs
idna==3.10
    # via
    #   -r backend/requirements.txt
    #   anyio
    #   email-validator
    #   httpx
    #   requests
importlib-metadata==8.6.1
    # via
    #   -r backend/requirements.txt
    #   opentelemetry-api
importlib-resources==6.5.2
    # via
    #   -r backend/requirements.txt
    #   chromadb
itsdangerous==2.2.0
    # via
    #   -r backend/requirements.txt
    #   flask
jinja2==3.1.6
    # via
    #   -r backend/requirements.txt
    #   altair
    #   flask
    #   pydeck
    #   torch
jiter==0.9.0
    # via
    #   -r backend/requirements.txt
    #   openai
joblib==1.5.1
    # via
    #   -r backend/requirements.txt
    #   scikit-learn
jsonpatch==1.33
    # via langchain-core
jsonpointer==3.0.0
    # via jsonpatch
jsonschema==4.23.0
    # via
    #   -r backend/requirements.txt
    #   altair
    #   chromadb
jsonschema-specifications==2024.10.1
    # via
    #   -r backend/requirements.txt
    #   jsonschema
kubernetes==32.0.1
    # via
    #   -r backend/requirements.txt
    #   chromadb
langchain==0.3.25
    # via copilotkit
langchain-core==0.3.63
    # via
    #   langchain
    #   langchain-text-splitters
    #   langgraph
    #   langgraph-checkpoint
    #   langgraph-prebuilt
langchain-text-splitters==0.3.8
    # via langchain
langgraph==0.4.7
    # via copilotkit
langgraph-checkpoint==2.0.26
    # via
    #   langgraph
    #   langgraph-prebuilt
langgraph-prebuilt==0.2.2
    # via langgraph
langgraph-sdk==0.1.70
    # via langgraph
langsmith==0.3.43
    # via
    #   langchain
    #   langchain-core
lxml==5.3.1
    # via
    #   -r backend/requirements.txt
    #   python-docx
    #   readabilipy
markdown-it-py==3.0.0
    # via
    #   -r backend/requirements.txt
    #   rich
markdownify==1.1.0
    # via
    #   -r backend/requirements.txt
    #   mcp-server-fetch
markupsafe==3.0.2
    # via
    #   -r backend/requirements.txt
    #   jinja2
    #   werkzeug
mcp==1.9.2
    # via mcp-server-fetch
mcp-server-fetch==2025.1.17
    # via -r backend/requirements.txt
mdurl==0.1.2
    # via
    #   -r backend/requirements.txt
    #   markdown-it-py
mmh3==5.1.0
    # via
    #   -r backend/requirements.txt
    #   chromadb
motor==3.7.1
    # via -r backend/requirements.txt
mpmath==1.3.0
    # via
    #   -r backend/requirements.txt
    #   sympy
narwhals==1.41.0
    # via
    #   -r backend/requirements.txt
    #   altair
networkx==3.4.2
    # via
    #   -r backend/requirements.txt
    #   torch
numpy==2.2.6
    # via
    #   -r backend/requirements.txt
    #   chromadb
    #   onnxruntime
    #   pandas
    #   pydeck
    #   scikit-learn
    #   scipy
    #   streamlit
    #   transformers
oauthlib==3.2.2
    # via
    #   -r backend/requirements.txt
    #   kubernetes
    #   requests-oauthlib
onnxruntime==1.22.0
    # via
    #   -r backend/requirements.txt
    #   chromadb
openai==1.82.1
    # via
    #   -r backend/requirements.txt
    #   openai-agents
openai-agents==0.0.5
    # via -r backend/requirements.txt
opentelemetry-api==1.33.1
    # via
    #   -r backend/requirements.txt
    #   chromadb
    #   opentelemetry-exporter-otlp-proto-grpc
    #   opentelemetry-instrumentation
    #   opentelemetry-instrumentation-asgi
    #   opentelemetry-instrumentation-fastapi
    #   opentelemetry-sdk
    #   opentelemetry-semantic-conventions
opentelemetry-exporter-otlp-proto-common==1.33.1
    # via
    #   -r backend/requirements.txt
    #   opentelemetry-exporter-otlp-proto-grpc
opentelemetry-exporter-otlp-proto-grpc==1.33.1
    # via chromadb
opentelemetry-instrumentation==0.54b1
    # via
    #   -r backend/requirements.txt
    #   opentelemetry-instrumentation-asgi
    #   opentelemetry-instrumentation-fastapi
opentelemetry-instrumentation-asgi==0.54b1
    # via
    #   -r backend/requirements.txt
    #   opentelemetry-instrumentation-fastapi
opentelemetry-instrumentation-fastapi==0.54b1
    # via
    #   -r backend/requirements.txt
    #   chromadb
opentelemetry-proto==1.33.1
    # via
    #   -r backend/requirements.txt
    #   opentelemetry-exporter-otlp-proto-common
    #   opentelemetry-exporter-otlp-proto-grpc
opentelemetry-sdk==1.33.1
    # via
    #   -r backend/requirements.txt
    #   chromadb
    #   opentelemetry-exporter-otlp-proto-grpc
opentelemetry-semantic-conventions==0.54b1
    # via
    #   -r backend/requirements.txt
    #   opentelemetry-instrumentation
    #   opentelemetry-instrumentation-asgi
    #   opentelemetry-instrumentation-fastapi
    #   opentelemetry-sdk
opentelemetry-util-http==0.54b1
    # via
    #   -r backend/requirements.txt
    #   opentelemetry-instrumentation-asgi
    #   opentelemetry-instrumentation-fastapi
orjson==3.10.18
    # via
    #   -r backend/requirements.txt
    #   chromadb
    #   langgraph-sdk
    #   langsmith
ormsgpack==1.10.0
    # via langgraph-checkpoint
overrides==7.7.0
    # via
    #   -r backend/requirements.txt
    #   chromadb
packaging==24.2
    # via
    #   -r backend/requirements.txt
    #   altair
    #   build
    #   huggingface-hub
    #   langchain-core
    #   langsmith
    #   onnxruntime
    #   opentelemetry-instrumentation
    #   streamlit
    #   transformers
pandas==2.2.3
    # via
    #   -r backend/requirements.txt
    #   streamlit
partialjson==0.0.8
    # via copilotkit
passlib==1.7.4
    # via -r backend/requirements.txt
pillow==11.2.1
    # via
    #   -r backend/requirements.txt
    #   sentence-transformers
    #   streamlit
posthog==4.2.0
    # via
    #   -r backend/requirements.txt
    #   chromadb
protego==0.4.0
    # via mcp-server-fetch
proto-plus==1.26.1
    # via
    #   -r backend/requirements.txt
    #   google-ai-generativelanguage
    #   google-api-core
protobuf==5.29.5
    # via
    #   -r backend/requirements.txt
    #   google-ai-generativelanguage
    #   google-api-core
    #   google-generativeai
    #   googleapis-common-protos
    #   grpcio-status
    #   onnxruntime
    #   opentelemetry-proto
    #   proto-plus
    #   streamlit
pyarrow==19.0.1
    # via
    #   -r backend/requirements.txt
    #   streamlit
pyasn1==0.6.1
    # via
    #   -r backend/requirements.txt
    #   pyasn1-modules
    #   python-jose
    #   rsa
pyasn1-modules==0.4.2
    # via
    #   -r backend/requirements.txt
    #   google-auth
pycparser==2.22
    # via
    #   -r backend/requirements.txt
    #   cffi
pydantic==2.10.6
    # via
    #   -r backend/requirements.txt
    #   chromadb
    #   fastapi
    #   google-generativeai
    #   langchain
    #   langchain-core
    #   langgraph
    #   langsmith
    #   mcp
    #   mcp-server-fetch
    #   openai
    #   openai-agents
    #   pydantic-settings
pydantic-core==2.27.2
    # via
    #   -r backend/requirements.txt
    #   pydantic
pydantic-settings==2.9.1
    # via
    #   -r backend/requirements.txt
    #   mcp
pydeck==0.9.0
    # via
    #   -r backend/requirements.txt
    #   streamlit
pygments==2.19.1
    # via
    #   -r backend/requirements.txt
    #   rich
pymongo==4.12.1
    # via
    #   -r backend/requirements.txt
    #   motor
pymupdf==1.26.0
    # via -r backend/requirements.txt
pyparsing==3.2.3
    # via
    #   -r backend/requirements.txt
    #   httplib2
pypika==0.48.9
    # via
    #   -r backend/requirements.txt
    #   chromadb
pyproject-hooks==1.2.0
    # via
    #   -r backend/requirements.txt
    #   build
pyreadline3==3.5.0
    # via
    #   -r backend/requirements.txt
    #   humanfriendly
python-dateutil==2.9.0.post0
    # via
    #   -r backend/requirements.txt
    #   kubernetes
    #   pandas
    #   posthog
python-docx==1.1.2
    # via -r backend/requirements.txt
python-dotenv==1.1.0
    # via
    #   -r backend/requirements.txt
    #   pydantic-settings
    #   uvicorn
python-engineio==4.9.0
    # via
    #   -r backend/requirements.txt
    #   python-socketio
python-jose==3.5.0
    # via -r backend/requirements.txt
python-multipart==0.0.20
    # via
    #   -r backend/requirements.txt
    #   mcp
python-socketio==5.8.0
    # via
    #   -r backend/requirements.txt
    #   flask-socketio
pytz==2025.1
    # via
    #   -r backend/requirements.txt
    #   pandas
pyyaml==6.0.2
    # via
    #   -r backend/requirements.txt
    #   chromadb
    #   huggingface-hub
    #   kubernetes
    #   langchain
    #   langchain-core
    #   transformers
    #   uvicorn
readabilipy==0.3.0
    # via mcp-server-fetch
readability==0.3
    # via -r backend/requirements.txt
referencing==0.36.2
    # via
    #   -r backend/requirements.txt
    #   jsonschema
    #   jsonschema-specifications
regex==2024.11.6
    # via
    #   -r backend/requirements.txt
    #   readabilipy
    #   transformers
requests==2.32.3
    # via
    #   -r backend/requirements.txt
    #   google-api-core
    #   huggingface-hub
    #   kubernetes
    #   langchain
    #   langsmith
    #   mcp-server-fetch
    #   openai-agents
    #   posthog
    #   requests-oauthlib
    #   requests-toolbelt
    #   streamlit
    #   transformers
requests-oauthlib==2.0.0
    # via
    #   -r backend/requirements.txt
    #   kubernetes
requests-toolbelt==1.0.0
    # via langsmith
rich==14.0.0
    # via
    #   -r backend/requirements.txt
    #   chromadb
    #   typer
rpds-py==0.23.1
    # via
    #   -r backend/requirements.txt
    #   jsonschema
    #   referencing
rsa==4.9.1
    # via
    #   -r backend/requirements.txt
    #   google-auth
    #   python-jose
safetensors==0.5.3
    # via
    #   -r backend/requirements.txt
    #   transformers
scikit-learn==1.6.1
    # via
    #   -r backend/requirements.txt
    #   sentence-transformers
scipy==1.15.0
    # via
    #   -r backend/requirements.txt
    #   scikit-learn
    #   sentence-transformers
sentence-transformers==4.1.0
    # via -r backend/requirements.txt
setuptools==80.9.0
    # via
    #   -r backend/requirements.txt
    #   torch
shellingham==1.5.4
    # via
    #   -r backend/requirements.txt
    #   typer
simple-websocket==1.0.0
    # via
    #   -r backend/requirements.txt
    #   python-engineio
six==1.17.0
    # via
    #   -r backend/requirements.txt
    #   ecdsa
    #   html5lib
    #   kubernetes
    #   markdownify
    #   posthog
    #   python-dateutil
smmap==5.0.1
    # via
    #   -r backend/requirements.txt
    #   gitdb
sniffio==1.3.1
    # via
    #   -r backend/requirements.txt
    #   anyio
    #   httpx
    #   openai
soupsieve==2.6
    # via
    #   -r backend/requirements.txt
    #   beautifulsoup4
sqlalchemy==2.0.41
    # via langchain
sse-starlette==2.2.1
    # via
    #   -r backend/requirements.txt
    #   mcp
starlette==0.45.3
    # via
    #   -r backend/requirements.txt
    #   fastapi
    #   mcp
    #   sse-starlette
streamlit==1.43.2
    # via -r backend/requirements.txt
sympy==1.14.0
    # via
    #   -r backend/requirements.txt
    #   onnxruntime
    #   torch
tenacity==9.1.2
    # via
    #   -r backend/requirements.txt
    #   chromadb
    #   langchain-core
    #   streamlit
threadpoolctl==3.6.0
    # via
    #   -r backend/requirements.txt
    #   scikit-learn
tokenizers==0.21.1
    # via
    #   -r backend/requirements.txt
    #   chromadb
    #   transformers
toml==0.10.2
    # via
    #   -r backend/requirements.txt
    #   copilotkit
    #   streamlit
torch==2.8.0.dev20250601+cpu
    # via
    #   -r backend/requirements.txt
    #   sentence-transformers
tornado==6.5.1
    # via
    #   -r backend/requirements.txt
    #   streamlit
tqdm==4.67.1
    # via
    #   -r backend/requirements.txt
    #   chromadb
    #   google-generativeai
    #   huggingface-hub
    #   openai
    #   sentence-transformers
    #   transformers
transformers==4.52.3
    # via
    #   -r backend/requirements.txt
    #   sentence-transformers
typer==0.16.0
    # via
    #   -r backend/requirements.txt
    #   chromadb
types-requests==2.32.0.20250515
    # via
    #   -r backend/requirements.txt
    #   openai-agents
typing-extensions==4.13.2
    # via
    #   -r backend/requirements.txt
    #   altair
    #   beautifulsoup4
    #   chromadb
    #   fastapi
    #   google-generativeai
    #   huggingface-hub
    #   langchain-core
    #   openai
    #   openai-agents
    #   opentelemetry-sdk
    #   pydantic
    #   pydantic-core
    #   python-docx
    #   sentence-transformers
    #   sqlalchemy
    #   streamlit
    #   torch
    #   typer
    #   typing-inspection
typing-inspection==0.4.1
    # via pydantic-settings
tzdata==2025.2
    # via
    #   -r backend/requirements.txt
    #   pandas
ujson==5.10.0
    # via -r backend/requirements.txt
uritemplate==4.1.1
    # via
    #   -r backend/requirements.txt
    #   google-api-python-client
urllib3==2.3.0
    # via
    #   -r backend/requirements.txt
    #   kubernetes
    #   requests
    #   types-requests
uvicorn==0.34.3
    # via
    #   -r backend/requirements.txt
    #   chromadb
    #   mcp
watchdog==6.0.0
    # via
    #   -r backend/requirements.txt
    #   streamlit
watchfiles==1.0.5
    # via
    #   -r backend/requirements.txt
    #   uvicorn
webencodings==0.5.1
    # via
    #   -r backend/requirements.txt
    #   html5lib
websocket-client==1.8.0
    # via
    #   -r backend/requirements.txt
    #   kubernetes
websockets==15.0.1
    # via
    #   -r backend/requirements.txt
    #   uvicorn
werkzeug==3.1.3
    # via
    #   -r backend/requirements.txt
    #   flask
    #   flask-cors
wrapt==1.17.2
    # via
    #   -r backend/requirements.txt
    #   deprecated
    #   opentelemetry-instrumentation
wsproto==1.2.0
    # via
    #   -r backend/requirements.txt
    #   simple-websocket
xxhash==3.5.0
    # via langgraph
zipp==3.22.0
    # via
    #   -r backend/requirements.txt
    #   importlib-metadata
zstandard==0.23.0
    # via langsmith
